
Microsoft Visual Studio Solution File, Format Version 12.00
# Visual Studio 15
VisualStudioVersion = 15.0.27130.2026
MinimumVisualStudioVersion = 10.0.40219.1
Project("{9A19103F-16F7-4668-BE54-9A1E7A4F7556}") = "ESL.CO", "ESL.CO\ESL.CO.csproj", "{597CA083-A0A2-4F4E-92F6-690A3A5F3DCF}"
EndProject
Global
	GlobalSection(SolutionConfigurationPlatforms) = preSolution
		Debug|Any CPU = Debug|Any CPU
		Release|Any CPU = Release|Any CPU
	EndGlobalSection
	GlobalSection(ProjectConfigurationPlatforms) = postSolution
		{597CA083-A0A2-4F4E-92F6-690A3A5F3DCF}.Debug|Any CPU.ActiveCfg = Debug|Any CPU
		{597CA083-A0A2-4F4E-92F6-690A3A5F3DCF}.Debug|Any CPU.Build.0 = Debug|Any CPU
		{597CA083-A0A2-4F4E-92F6-690A3A5F3DCF}.Release|Any CPU.ActiveCfg = Release|Any CPU
		{597CA083-A0A2-4F4E-92F6-690A3A5F3DCF}.Release|Any CPU.Build.0 = Release|Any CPU
	EndGlobalSection
	GlobalSection(SolutionProperties) = preSolution
		HideSolutionNode = FALSE
	EndGlobalSection
	GlobalSection(ExtensibilityGlobals) = postSolution
		SolutionGuid = {6F6BA397-FF84-4AE7-80F0-4A99DE06551E}
	EndGlobalSection
EndGlobal
