
Microsoft Visual Studio Solution File, Format Version 12.00
# Visual Studio 15
VisualStudioVersion = 15.0.27130.2026
MinimumVisualStudioVersion = 10.0.40219.1
Project("{9A19103F-16F7-4668-BE54-9A1E7A4F7556}") = "ESL.CO.React", "ESL.CO.React\ESL.CO.React.csproj", "{DDEF6FD2-310F-4213-8416-79D31A20D44F}"
EndProject
Project("{9A19103F-16F7-4668-BE54-9A1E7A4F7556}") = "ESL.CO.Tests", "ESL.CO.Tests\ESL.CO.Tests.csproj", "{76EDBFE4-6698-43C6-A5C1-84870E47717F}"
EndProject
Global
	GlobalSection(SolutionConfigurationPlatforms) = preSolution
		Debug|Any CPU = Debug|Any CPU
		Release|Any CPU = Release|Any CPU
	EndGlobalSection
	GlobalSection(ProjectConfigurationPlatforms) = postSolution
		{DDEF6FD2-310F-4213-8416-79D31A20D44F}.Debug|Any CPU.ActiveCfg = Debug|Any CPU
		{DDEF6FD2-310F-4213-8416-79D31A20D44F}.Debug|Any CPU.Build.0 = Debug|Any CPU
		{DDEF6FD2-310F-4213-8416-79D31A20D44F}.Release|Any CPU.ActiveCfg = Release|Any CPU
		{DDEF6FD2-310F-4213-8416-79D31A20D44F}.Release|Any CPU.Build.0 = Release|Any CPU
		{76EDBFE4-6698-43C6-A5C1-84870E47717F}.Debug|Any CPU.ActiveCfg = Debug|Any CPU
		{76EDBFE4-6698-43C6-A5C1-84870E47717F}.Debug|Any CPU.Build.0 = Debug|Any CPU
		{76EDBFE4-6698-43C6-A5C1-84870E47717F}.Release|Any CPU.ActiveCfg = Release|Any CPU
		{76EDBFE4-6698-43C6-A5C1-84870E47717F}.Release|Any CPU.Build.0 = Release|Any CPU
	EndGlobalSection
	GlobalSection(SolutionProperties) = preSolution
		HideSolutionNode = FALSE
	EndGlobalSection
	GlobalSection(ExtensibilityGlobals) = postSolution
		SolutionGuid = {6F6BA397-FF84-4AE7-80F0-4A99DE06551E}
	EndGlobalSection
EndGlobal
